// !$*UTF8*$!
{
	archiveVersion = 1;
	classes = {
	};
	objectVersion = 46;
	objects = {

/* Begin PBXBuildFile section */
		8719C5BD1F612A4B00205A4E /* main.m in Sources */ = {isa = PBXBuildFile; fileRef = 8719C5BC1F612A4B00205A4E /* main.m */; };
		8719C5C01F612A4B00205A4E /* AppDelegate.m in Sources */ = {isa = PBXBuildFile; fileRef = 8719C5BF1F612A4B00205A4E /* AppDelegate.m */; };
		8719C5C31F612A4B00205A4E /* ViewController.m in Sources */ = {isa = PBXBuildFile; fileRef = 8719C5C21F612A4B00205A4E /* ViewController.m */; };
		8719C5C61F612A4B00205A4E /* Main.storyboard in Resources */ = {isa = PBXBuildFile; fileRef = 8719C5C41F612A4B00205A4E /* Main.storyboard */; };
		8719C5C81F612A4B00205A4E /* Assets.xcassets in Resources */ = {isa = PBXBuildFile; fileRef = 8719C5C71F612A4B00205A4E /* Assets.xcassets */; };
		8719C5CB1F612A4B00205A4E /* LaunchScreen.storyboard in Resources */ = {isa = PBXBuildFile; fileRef = 8719C5C91F612A4B00205A4E /* LaunchScreen.storyboard */; };
		8719C5D61F612A4B00205A4E /* PickerAnmationDemoTests.m in Sources */ = {isa = PBXBuildFile; fileRef = 8719C5D51F612A4B00205A4E /* PickerAnmationDemoTests.m */; };
		8719C5E11F612A4B00205A4E /* PickerAnmationDemoUITests.m in Sources */ = {isa = PBXBuildFile; fileRef = 8719C5E01F612A4B00205A4E /* PickerAnmationDemoUITests.m */; };
		8719C5F01F612C1B00205A4E /* PickerViewController.m in Sources */ = {isa = PBXBuildFile; fileRef = 8719C5EF1F612C1B00205A4E /* PickerViewController.m */; };
/* End PBXBuildFile section */

/* Begin PBXContainerItemProxy section */
		8719C5D21F612A4B00205A4E /* PBXContainerItemProxy */ = {
			isa = PBXContainerItemProxy;
			containerPortal = 8719C5B01F612A4B00205A4E /* Project object */;
			proxyType = 1;
			remoteGlobalIDString = 8719C5B71F612A4B00205A4E;
			remoteInfo = PickerAnmationDemo;
		};
		8719C5DD1F612A4B00205A4E /* PBXContainerItemProxy */ = {
			isa = PBXContainerItemProxy;
			containerPortal = 8719C5B01F612A4B00205A4E /* Project object */;
			proxyType = 1;
			remoteGlobalIDString = 8719C5B71F612A4B00205A4E;
			remoteInfo = PickerAnmationDemo;
		};
/* End PBXContainerItemProxy section */

/* Begin PBXFileReference section */
		8719C5B81F612A4B00205A4E /* PickerAnmationDemo.app */ = {isa = PBXFileReference; explicitFileType = wrapper.application; includeInIndex = 0; path = PickerAnmationDemo.app; sourceTree = BUILT_PRODUCTS_DIR; };
		8719C5BC1F612A4B00205A4E /* main.m */ = {isa = PBXFileReference; lastKnownFileType = sourcecode.c.objc; path = main.m; sourceTree = "<group>"; };
		8719C5BE1F612A4B00205A4E /* AppDelegate.h */ = {isa = PBXFileReference; lastKnownFileType = sourcecode.c.h; path = AppDelegate.h; sourceTree = "<group>"; };
		8719C5BF1F612A4B00205A4E /* AppDelegate.m */ = {isa = PBXFileReference; lastKnownFileType = sourcecode.c.objc; path = AppDelegate.m; sourceTree = "<group>"; };
		8719C5C11F612A4B00205A4E /* ViewController.h */ = {isa = PBXFileReference; lastKnownFileType = sourcecode.c.h; path = ViewController.h; sourceTree = "<group>"; };
		8719C5C21F612A4B00205A4E /* ViewController.m */ = {isa = PBXFileReference; lastKnownFileType = sourcecode.c.objc; path = ViewController.m; sourceTree = "<group>"; };
		8719C5C51F612A4B00205A4E /* Base */ = {isa = PBXFileReference; lastKnownFileType = file.storyboard; name = Base; path = Base.lproj/Main.storyboard; sourceTree = "<group>"; };
		8719C5C71F612A4B00205A4E /* Assets.xcassets */ = {isa = PBXFileReference; lastKnownFileType = folder.assetcatalog; path = Assets.xcassets; sourceTree = "<group>"; };
		8719C5CA1F612A4B00205A4E /* Base */ = {isa = PBXFileReference; lastKnownFileType = file.storyboard; name = Base; path = Base.lproj/LaunchScreen.storyboard; sourceTree = "<group>"; };
		8719C5CC1F612A4B00205A4E /* Info.plist */ = {isa = PBXFileReference; lastKnownFileType = text.plist.xml; path = Info.plist; sourceTree = "<group>"; };
		8719C5D11F612A4B00205A4E /* PickerAnmationDemoTests.xctest */ = {isa = PBXFileReference; explicitFileType = wrapper.cfbundle; includeInIndex = 0; path = PickerAnmationDemoTests.xctest; sourceTree = BUILT_PRODUCTS_DIR; };
		8719C5D51F612A4B00205A4E /* PickerAnmationDemoTests.m */ = {isa = PBXFileReference; lastKnownFileType = sourcecode.c.objc; path = PickerAnmationDemoTests.m; sourceTree = "<group>"; };
		8719C5D71F612A4B00205A4E /* Info.plist */ = {isa = PBXFileReference; lastKnownFileType = text.plist.xml; path = Info.plist; sourceTree = "<group>"; };
		8719C5DC1F612A4B00205A4E /* PickerAnmationDemoUITests.xctest */ = {isa = PBXFileReference; explicitFileType = wrapper.cfbundle; includeInIndex = 0; path = PickerAnmationDemoUITests.xctest; sourceTree = BUILT_PRODUCTS_DIR; };
		8719C5E01F612A4B00205A4E /* PickerAnmationDemoUITests.m */ = {isa = PBXFileReference; lastKnownFileType = sourcecode.c.objc; path = PickerAnmationDemoUITests.m; sourceTree = "<group>"; };
		8719C5E21F612A4B00205A4E /* Info.plist */ = {isa = PBXFileReference; lastKnownFileType = text.plist.xml; path = Info.plist; sourceTree = "<group>"; };
		8719C5EE1F612C1B00205A4E /* PickerViewController.h */ = {isa = PBXFileReference; fileEncoding = 4; lastKnownFileType = sourcecode.c.h; path = PickerViewController.h; sourceTree = "<group>"; };
		8719C5EF1F612C1B00205A4E /* PickerViewController.m */ = {isa = PBXFileReference; fileEncoding = 4; lastKnownFileType = sourcecode.c.objc; path = PickerViewController.m; sourceTree = "<group>"; };
/* End PBXFileReference section */

/* Begin PBXFrameworksBuildPhase section */
		8719C5B51F612A4B00205A4E /* Frameworks */ = {
			isa = PBXFrameworksBuildPhase;
			buildActionMask = 2147483647;
			files = (
			);
			runOnlyForDeploymentPostprocessing = 0;
		};
		8719C5CE1F612A4B00205A4E /* Frameworks */ = {
			isa = PBXFrameworksBuildPhase;
			buildActionMask = 2147483647;
			files = (
			);
			runOnlyForDeploymentPostprocessing = 0;
		};
		8719C5D91F612A4B00205A4E /* Frameworks */ = {
			isa = PBXFrameworksBuildPhase;
			buildActionMask = 2147483647;
			files = (
			);
			runOnlyForDeploymentPostprocessing = 0;
		};
/* End PBXFrameworksBuildPhase section */

/* Begin PBXGroup section */
		8719C5AF1F612A4B00205A4E = {
			isa = PBXGroup;
			children = (
				8719C5BA1F612A4B00205A4E /* PickerAnmationDemo */,
				8719C5D41F612A4B00205A4E /* PickerAnmationDemoTests */,
				8719C5DF1F612A4B00205A4E /* PickerAnmationDemoUITests */,
				8719C5B91F612A4B00205A4E /* Products */,
			);
			sourceTree = "<group>";
		};
		8719C5B91F612A4B00205A4E /* Products */ = {
			isa = PBXGroup;
			children = (
				8719C5B81F612A4B00205A4E /* PickerAnmationDemo.app */,
				8719C5D11F612A4B00205A4E /* PickerAnmationDemoTests.xctest */,
				8719C5DC1F612A4B00205A4E /* PickerAnmationDemoUITests.xctest */,
			);
			name = Products;
			sourceTree = "<group>";
		};
		8719C5BA1F612A4B00205A4E /* PickerAnmationDemo */ = {
			isa = PBXGroup;
			children = (
				8719C5BE1F612A4B00205A4E /* AppDelegate.h */,
				8719C5BF1F612A4B00205A4E /* AppDelegate.m */,
				8719C5C11F612A4B00205A4E /* ViewController.h */,
				8719C5C21F612A4B00205A4E /* ViewController.m */,
				8719C5EE1F612C1B00205A4E /* PickerViewController.h */,
				8719C5EF1F612C1B00205A4E /* PickerViewController.m */,
				8719C5C41F612A4B00205A4E /* Main.storyboard */,
				8719C5C71F612A4B00205A4E /* Assets.xcassets */,
				8719C5C91F612A4B00205A4E /* LaunchScreen.storyboard */,
				8719C5CC1F612A4B00205A4E /* Info.plist */,
				8719C5BB1F612A4B00205A4E /* Supporting Files */,
			);
			path = PickerAnmationDemo;
			sourceTree = "<group>";
		};
		8719C5BB1F612A4B00205A4E /* Supporting Files */ = {
			isa = PBXGroup;
			children = (
				8719C5BC1F612A4B00205A4E /* main.m */,
			);
			name = "Supporting Files";
			sourceTree = "<group>";
		};
		8719C5D41F612A4B00205A4E /* PickerAnmationDemoTests */ = {
			isa = PBXGroup;
			children = (
				8719C5D51F612A4B00205A4E /* PickerAnmationDemoTests.m */,
				8719C5D71F612A4B00205A4E /* Info.plist */,
			);
			path = PickerAnmationDemoTests;
			sourceTree = "<group>";
		};
		8719C5DF1F612A4B00205A4E /* PickerAnmationDemoUITests */ = {
			isa = PBXGroup;
			children = (
				8719C5E01F612A4B00205A4E /* PickerAnmationDemoUITests.m */,
				8719C5E21F612A4B00205A4E /* Info.plist */,
			);
			path = PickerAnmationDemoUITests;
			sourceTree = "<group>";
		};
/* End PBXGroup section */

/* Begin PBXNativeTarget section */
		8719C5B71F612A4B00205A4E /* PickerAnmationDemo */ = {
			isa = PBXNativeTarget;
			buildConfigurationList = 8719C5E51F612A4B00205A4E /* Build configuration list for PBXNativeTarget "PickerAnmationDemo" */;
			buildPhases = (
				8719C5B41F612A4B00205A4E /* Sources */,
				8719C5B51F612A4B00205A4E /* Frameworks */,
				8719C5B61F612A4B00205A4E /* Resources */,
			);
			buildRules = (
			);
			dependencies = (
			);
			name = PickerAnmationDemo;
			productName = PickerAnmationDemo;
			productReference = 8719C5B81F612A4B00205A4E /* PickerAnmationDemo.app */;
			productType = "com.apple.product-type.application";
		};
		8719C5D01F612A4B00205A4E /* PickerAnmationDemoTests */ = {
			isa = PBXNativeTarget;
			buildConfigurationList = 8719C5E81F612A4B00205A4E /* Build configuration list for PBXNativeTarget "PickerAnmationDemoTests" */;
			buildPhases = (
				8719C5CD1F612A4B00205A4E /* Sources */,
				8719C5CE1F612A4B00205A4E /* Frameworks */,
				8719C5CF1F612A4B00205A4E /* Resources */,
			);
			buildRules = (
			);
			dependencies = (
				8719C5D31F612A4B00205A4E /* PBXTargetDependency */,
			);
			name = PickerAnmationDemoTests;
			productName = PickerAnmationDemoTests;
			productReference = 8719C5D11F612A4B00205A4E /* PickerAnmationDemoTests.xctest */;
			productType = "com.apple.product-type.bundle.unit-test";
		};
		8719C5DB1F612A4B00205A4E /* PickerAnmationDemoUITests */ = {
			isa = PBXNativeTarget;
			buildConfigurationList = 8719C5EB1F612A4B00205A4E /* Build configuration list for PBXNativeTarget "PickerAnmationDemoUITests" */;
			buildPhases = (
				8719C5D81F612A4B00205A4E /* Sources */,
				8719C5D91F612A4B00205A4E /* Frameworks */,
				8719C5DA1F612A4B00205A4E /* Resources */,
			);
			buildRules = (
			);
			dependencies = (
				8719C5DE1F612A4B00205A4E /* PBXTargetDependency */,
			);
			name = PickerAnmationDemoUITests;
			productName = PickerAnmationDemoUITests;
			productReference = 8719C5DC1F612A4B00205A4E /* PickerAnmationDemoUITests.xctest */;
			productType = "com.apple.product-type.bundle.ui-testing";
		};
/* End PBXNativeTarget section */

/* Begin PBXProject section */
		8719C5B01F612A4B00205A4E /* Project object */ = {
			isa = PBXProject;
			attributes = {
				LastUpgradeCheck = 0830;
				ORGANIZATIONNAME = com.GlassStore;
				TargetAttributes = {
					8719C5B71F612A4B00205A4E = {
						CreatedOnToolsVersion = 8.3.3;
						ProvisioningStyle = Automatic;
					};
					8719C5D01F612A4B00205A4E = {
						CreatedOnToolsVersion = 8.3.3;
						ProvisioningStyle = Automatic;
						TestTargetID = 8719C5B71F612A4B00205A4E;
					};
					8719C5DB1F612A4B00205A4E = {
						CreatedOnToolsVersion = 8.3.3;
						ProvisioningStyle = Automatic;
						TestTargetID = 8719C5B71F612A4B00205A4E;
					};
				};
			};
			buildConfigurationList = 8719C5B31F612A4B00205A4E /* Build configuration list for PBXProject "PickerAnmationDemo" */;
			compatibilityVersion = "Xcode 3.2";
			developmentRegion = English;
			hasScannedForEncodings = 0;
			knownRegions = (
				en,
				Base,
			);
			mainGroup = 8719C5AF1F612A4B00205A4E;
			productRefGroup = 8719C5B91F612A4B00205A4E /* Products */;
			projectDirPath = "";
			projectRoot = "";
			targets = (
				8719C5B71F612A4B00205A4E /* PickerAnmationDemo */,
				8719C5D01F612A4B00205A4E /* PickerAnmationDemoTests */,
				8719C5DB1F612A4B00205A4E /* PickerAnmationDemoUITests */,
			);
		};
/* End PBXProject section */

/* Begin PBXResourcesBuildPhase section */
		8719C5B61F612A4B00205A4E /* Resources */ = {
			isa = PBXResourcesBuildPhase;
			buildActionMask = 2147483647;
			files = (
				8719C5CB1F612A4B00205A4E /* LaunchScreen.storyboard in Resources */,
				8719C5C81F612A4B00205A4E /* Assets.xcassets in Resources */,
				8719C5C61F612A4B00205A4E /* Main.storyboard in Resources */,
			);
			runOnlyForDeploymentPostprocessing = 0;
		};
		8719C5CF1F612A4B00205A4E /* Resources */ = {
			isa = PBXResourcesBuildPhase;
			buildActionMask = 2147483647;
			files = (
			);
			runOnlyForDeploymentPostprocessing = 0;
		};
		8719C5DA1F612A4B00205A4E /* Resources */ = {
			isa = PBXResourcesBuildPhase;
			buildActionMask = 2147483647;
			files = (
			);
			runOnlyForDeploymentPostprocessing = 0;
		};
/* End PBXResourcesBuildPhase section */

/* Begin PBXSourcesBuildPhase section */
		8719C5B41F612A4B00205A4E /* Sources */ = {
			isa = PBXSourcesBuildPhase;
			buildActionMask = 2147483647;
			files = (
				8719C5C31F612A4B00205A4E /* ViewController.m in Sources */,
				8719C5C01F612A4B00205A4E /* AppDelegate.m in Sources */,
				8719C5F01F612C1B00205A4E /* PickerViewController.m in Sources */,
				8719C5BD1F612A4B00205A4E /* main.m in Sources */,
			);
			runOnlyForDeploymentPostprocessing = 0;
		};
		8719C5CD1F612A4B00205A4E /* Sources */ = {
			isa = PBXSourcesBuildPhase;
			buildActionMask = 2147483647;
			files = (
				8719C5D61F612A4B00205A4E /* PickerAnmationDemoTests.m in Sources */,
			);
			runOnlyForDeploymentPostprocessing = 0;
		};
		8719C5D81F612A4B00205A4E /* Sources */ = {
			isa = PBXSourcesBuildPhase;
			buildActionMask = 2147483647;
			files = (
				8719C5E11F612A4B00205A4E /* PickerAnmationDemoUITests.m in Sources */,
			);
			runOnlyForDeploymentPostprocessing = 0;
		};
/* End PBXSourcesBuildPhase section */

/* Begin PBXTargetDependency section */
		8719C5D31F612A4B00205A4E /* PBXTargetDependency */ = {
			isa = PBXTargetDependency;
			target = 8719C5B71F612A4B00205A4E /* PickerAnmationDemo */;
			targetProxy = 8719C5D21F612A4B00205A4E /* PBXContainerItemProxy */;
		};
		8719C5DE1F612A4B00205A4E /* PBXTargetDependency */ = {
			isa = PBXTargetDependency;
			target = 8719C5B71F612A4B00205A4E /* PickerAnmationDemo */;
			targetProxy = 8719C5DD1F612A4B00205A4E /* PBXContainerItemProxy */;
		};
/* End PBXTargetDependency section */

/* Begin PBXVariantGroup section */
		8719C5C41F612A4B00205A4E /* Main.storyboard */ = {
			isa = PBXVariantGroup;
			children = (
				8719C5C51F612A4B00205A4E /* Base */,
			);
			name = Main.storyboard;
			sourceTree = "<group>";
		};
		8719C5C91F612A4B00205A4E /* LaunchScreen.storyboard */ = {
			isa = PBXVariantGroup;
			children = (
				8719C5CA1F612A4B00205A4E /* Base */,
			);
			name = LaunchScreen.storyboard;
			sourceTree = "<group>";
		};
/* End PBXVariantGroup section */

/* Begin XCBuildConfiguration section */
		8719C5E31F612A4B00205A4E /* Debug */ = {
			isa = XCBuildConfiguration;
			buildSettings = {
				ALWAYS_SEARCH_USER_PATHS = NO;
				CLANG_ANALYZER_NONNULL = YES;
				CLANG_ANALYZER_NUMBER_OBJECT_CONVERSION = YES_AGGRESSIVE;
				CLANG_CXX_LANGUAGE_STANDARD = "gnu++0x";
				CLANG_CXX_LIBRARY = "libc++";
				CLANG_ENABLE_MODULES = YES;
				CLANG_ENABLE_OBJC_ARC = YES;
				CLANG_WARN_BOOL_CONVERSION = YES;
				CLANG_WARN_CONSTANT_CONVERSION = YES;
				CLANG_WARN_DIRECT_OBJC_ISA_USAGE = YES_ERROR;
				CLANG_WARN_DOCUMENTATION_COMMENTS = YES;
				CLANG_WARN_EMPTY_BODY = YES;
				CLANG_WARN_ENUM_CONVERSION = YES;
				CLANG_WARN_INFINITE_RECURSION = YES;
				CLANG_WARN_INT_CONVERSION = YES;
				CLANG_WARN_OBJC_ROOT_CLASS = YES_ERROR;
				CLANG_WARN_SUSPICIOUS_MOVE = YES;
				CLANG_WARN_UNREACHABLE_CODE = YES;
				CLANG_WARN__DUPLICATE_METHOD_MATCH = YES;
				"CODE_SIGN_IDENTITY[sdk=iphoneos*]" = "iPhone Developer";
				COPY_PHASE_STRIP = NO;
				DEBUG_INFORMATION_FORMAT = dwarf;
				ENABLE_STRICT_OBJC_MSGSEND = YES;
				ENABLE_TESTABILITY = YES;
				GCC_C_LANGUAGE_STANDARD = gnu99;
				GCC_DYNAMIC_NO_PIC = NO;
				GCC_NO_COMMON_BLOCKS = YES;
				GCC_OPTIMIZATION_LEVEL = 0;
				GCC_PREPROCESSOR_DEFINITIONS = (
					"DEBUG=1",
					"$(inherited)",
				);
				GCC_WARN_64_TO_32_BIT_CONVERSION = YES;
				GCC_WARN_ABOUT_RETURN_TYPE = YES_ERROR;
				GCC_WARN_UNDECLARED_SELECTOR = YES;
				GCC_WARN_UNINITIALIZED_AUTOS = YES_AGGRESSIVE;
				GCC_WARN_UNUSED_FUNCTION = YES;
				GCC_WARN_UNUSED_VARIABLE = YES;
				IPHONEOS_DEPLOYMENT_TARGET = 10.3;
				MTL_ENABLE_DEBUG_INFO = YES;
				ONLY_ACTIVE_ARCH = YES;
				SDKROOT = iphoneos;
				TARGETED_DEVICE_FAMILY = "1,2";
			};
			name = Debug;
		};
		8719C5E41F612A4B00205A4E /* Release */ = {
			isa = XCBuildConfiguration;
			buildSettings = {
				ALWAYS_SEARCH_USER_PATHS = NO;
				CLANG_ANALYZER_NONNULL = YES;
				CLANG_ANALYZER_NUMBER_OBJECT_CONVERSION = YES_AGGRESSIVE;
				CLANG_CXX_LANGUAGE_STANDARD = "gnu++0x";
				CLANG_CXX_LIBRARY = "libc++";
				CLANG_ENABLE_MODULES = YES;
				CLANG_ENABLE_OBJC_ARC = YES;
				CLANG_WARN_BOOL_CONVERSION = YES;
				CLANG_WARN_CONSTANT_CONVERSION = YES;
				CLANG_WARN_DIRECT_OBJC_ISA_USAGE = YES_ERROR;
				CLANG_WARN_DOCUMENTATION_COMMENTS = YES;
				CLANG_WARN_EMPTY_BODY = YES;
				CLANG_WARN_ENUM_CONVERSION = YES;
				CLANG_WARN_INFINITE_RECURSION = YES;
				CLANG_WARN_INT_CONVERSION = YES;
				CLANG_WARN_OBJC_ROOT_CLASS = YES_ERROR;
				CLANG_WARN_SUSPICIOUS_MOVE = YES;
				CLANG_WARN_UNREACHABLE_CODE = YES;
				CLANG_WARN__DUPLICATE_METHOD_MATCH = YES;
				"CODE_SIGN_IDENTITY[sdk=iphoneos*]" = "iPhone Developer";
				COPY_PHASE_STRIP = NO;
				DEBUG_INFORMATION_FORMAT = "dwarf-with-dsym";
				ENABLE_NS_ASSERTIONS = NO;
				ENABLE_STRICT_OBJC_MSGSEND = YES;
				GCC_C_LANGUAGE_STANDARD = gnu99;
				GCC_NO_COMMON_BLOCKS = YES;
				GCC_WARN_64_TO_32_BIT_CONVERSION = YES;
				GCC_WARN_ABOUT_RETURN_TYPE = YES_ERROR;
				GCC_WARN_UNDECLARED_SELECTOR = YES;
				GCC_WARN_UNINITIALIZED_AUTOS = YES_AGGRESSIVE;
				GCC_WARN_UNUSED_FUNCTION = YES;
				GCC_WARN_UNUSED_VARIABLE = YES;
				IPHONEOS_DEPLOYMENT_TARGET = 10.3;
				MTL_ENABLE_DEBUG_INFO = NO;
				SDKROOT = iphoneos;
				TARGETED_DEVICE_FAMILY = "1,2";
				VALIDATE_PRODUCT = YES;
			};
			name = Release;
		};
		8719C5E61F612A4B00205A4E /* Debug */ = {
			isa = XCBuildConfiguration;
			buildSettings = {
				ASSETCATALOG_COMPILER_APPICON_NAME = AppIcon;
				INFOPLIST_FILE = PickerAnmationDemo/Info.plist;
				IPHONEOS_DEPLOYMENT_TARGET = 8.0;
				LD_RUNPATH_SEARCH_PATHS = "$(inherited) @executable_path/Frameworks";
				PRODUCT_BUNDLE_IDENTIFIER = com.GlassStore.PickerAnmationDemo;
				PRODUCT_NAME = "$(TARGET_NAME)";
			};
			name = Debug;
		};
		8719C5E71F612A4B00205A4E /* Release */ = {
			isa = XCBuildConfiguration;
			buildSettings = {
				ASSETCATALOG_COMPILER_APPICON_NAME = AppIcon;
				INFOPLIST_FILE = PickerAnmationDemo/Info.plist;
				IPHONEOS_DEPLOYMENT_TARGET = 8.0;
				LD_RUNPATH_SEARCH_PATHS = "$(inherited) @executable_path/Frameworks";
				PRODUCT_BUNDLE_IDENTIFIER = com.GlassStore.PickerAnmationDemo;
				PRODUCT_NAME = "$(TARGET_NAME)";
			};
			name = Release;
		};
		8719C5E91F612A4B00205A4E /* Debug */ = {
			isa = XCBuildConfiguration;
			buildSettings = {
				BUNDLE_LOADER = "$(TEST_HOST)";
				INFOPLIST_FILE = PickerAnmationDemoTests/Info.plist;
				LD_RUNPATH_SEARCH_PATHS = "$(inherited) @executable_path/Frameworks @loader_path/Frameworks";
				PRODUCT_BUNDLE_IDENTIFIER = com.GlassStore.PickerAnmationDemoTests;
				PRODUCT_NAME = "$(TARGET_NAME)";
				TEST_HOST = "$(BUILT_PRODUCTS_DIR)/PickerAnmationDemo.app/PickerAnmationDemo";
			};
			name = Debug;
		};
		8719C5EA1F612A4B00205A4E /* Release */ = {
			isa = XCBuildConfiguration;
			buildSettings = {
				BUNDLE_LOADER = "$(TEST_HOST)";
				INFOPLIST_FILE = PickerAnmationDemoTests/Info.plist;
				LD_RUNPATH_SEARCH_PATHS = "$(inherited) @executable_path/Frameworks @loader_path/Frameworks";
				PRODUCT_BUNDLE_IDENTIFIER = com.GlassStore.PickerAnmationDemoTests;
				PRODUCT_NAME = "$(TARGET_NAME)";
				TEST_HOST = "$(BUILT_PRODUCTS_DIR)/PickerAnmationDemo.app/PickerAnmationDemo";
			};
			name = Release;
		};
		8719C5EC1F612A4B00205A4E /* Debug */ = {
			isa = XCBuildConfiguration;
			buildSettings = {
				INFOPLIST_FILE = PickerAnmationDemoUITests/Info.plist;
				LD_RUNPATH_SEARCH_PATHS = "$(inherited) @executable_path/Frameworks @loader_path/Frameworks";
				PRODUCT_BUNDLE_IDENTIFIER = com.GlassStore.PickerAnmationDemoUITests;
				PRODUCT_NAME = "$(TARGET_NAME)";
				TEST_TARGET_NAME = PickerAnmationDemo;
			};
			name = Debug;
		};
		8719C5ED1F612A4B00205A4E /* Release */ = {
			isa = XCBuildConfiguration;
			buildSettings = {
				INFOPLIST_FILE = PickerAnmationDemoUITests/Info.plist;
				LD_RUNPATH_SEARCH_PATHS = "$(inherited) @executable_path/Frameworks @loader_path/Frameworks";
				PRODUCT_BUNDLE_IDENTIFIER = com.GlassStore.PickerAnmationDemoUITests;
				PRODUCT_NAME = "$(TARGET_NAME)";
				TEST_TARGET_NAME = PickerAnmationDemo;
			};
			name = Release;
		};
/* End XCBuildConfiguration section */

/* Begin XCConfigurationList section */
		8719C5B31F612A4B00205A4E /* Build configuration list for PBXProject "PickerAnmationDemo" */ = {
			isa = XCConfigurationList;
			buildConfigurations = (
				8719C5E31F612A4B00205A4E /* Debug */,
				8719C5E41F612A4B00205A4E /* Release */,
			);
			defaultConfigurationIsVisible = 0;
			defaultConfigurationName = Release;
		};
		8719C5E51F612A4B00205A4E /* Build configuration list for PBXNativeTarget "PickerAnmationDemo" */ = {
			isa = XCConfigurationList;
			buildConfigurations = (
				8719C5E61F612A4B00205A4E /* Debug */,
				8719C5E71F612A4B00205A4E /* Release */,
			);
			defaultConfigurationIsVisible = 0;
		};
		8719C5E81F612A4B00205A4E /* Build configuration list for PBXNativeTarget "PickerAnmationDemoTests" */ = {
			isa = XCConfigurationList;
			buildConfigurations = (
				8719C5E91F612A4B00205A4E /* Debug */,
				8719C5EA1F612A4B00205A4E /* Release */,
			);
			defaultConfigurationIsVisible = 0;
		};
		8719C5EB1F612A4B00205A4E /* Build configuration list for PBXNativeTarget "PickerAnmationDemoUITests" */ = {
			isa = XCConfigurationList;
			buildConfigurations = (
				8719C5EC1F612A4B00205A4E /* Debug */,
				8719C5ED1F612A4B00205A4E /* Release */,
			);
			defaultConfigurationIsVisible = 0;
		};
/* End XCConfigurationList section */
	};
	rootObject = 8719C5B01F612A4B00205A4E /* Project object */;
}
